
Microsoft Visual Studio Solution File, Format Version 12.00
# Visual Studio Version 17
VisualStudioVersion = 17.13.35825.156 d17.13
MinimumVisualStudioVersion = 10.0.40219.1
Project("{FAE04EC0-301F-11D3-BF4B-00C04F79EFBC}") = "Yottabyte.DevOps.Api", "Yottabyte.DevOps.Api\Yottabyte.DevOps.Api.csproj", "{625651C4-09EB-4178-BA04-675C05C967F9}"
EndProject
Global
	GlobalSection(SolutionConfigurationPlatforms) = preSolution
		Debug|Any CPU = Debug|Any CPU
		Release|Any CPU = Release|Any CPU
	EndGlobalSection
	GlobalSection(ProjectConfigurationPlatforms) = postSolution
		{625651C4-09EB-4178-BA04-675C05C967F9}.Debug|Any CPU.ActiveCfg = Debug|Any CPU
		{625651C4-09EB-4178-BA04-675C05C967F9}.Debug|Any CPU.Build.0 = Debug|Any CPU
		{625651C4-09EB-4178-BA04-675C05C967F9}.Release|Any CPU.ActiveCfg = Release|Any CPU
		{625651C4-09EB-4178-BA04-675C05C967F9}.Release|Any CPU.Build.0 = Release|Any CPU
	EndGlobalSection
	GlobalSection(SolutionProperties) = preSolution
		HideSolutionNode = FALSE
	EndGlobalSection
	GlobalSection(ExtensibilityGlobals) = postSolution
		SolutionGuid = {51AA4C83-0A20-41C3-8B0C-BE271ED1D09F}
	EndGlobalSection
EndGlobal
